# This file is generated by running "yarn install" inside your project.
# Manual changes might be lost - proceed with caution!

__metadata:
  version: 4
  cacheKey: 7

"accepts@npm:^2.0.0":
  version: 2.0.0
  resolution: "accepts@npm:2.0.0"
  dependencies:
    mime-types: ^3.0.0
    negotiator: ^1.0.0
  checksum: 0af2ea0fb8487737e270fc6bfa7a0fa0eb3ee232c3480093945e98c57c48c10a126ec1cff23c1cee185cb48ff4ccbcc916f5d7f97c903d8f47f2ede7c81e848a
  languageName: node
  linkType: hard

"agent-base@npm:5":
  version: 5.1.1
  resolution: "agent-base@npm:5.1.1"
  checksum: aff8e856932ba63bbe097ac460f2f474669c5a1ca7674d3be19d4c258b4276a6b71863fb25c8bc3d424320d0c81652044098346403e759a65a76712e697633fa
  languageName: node
  linkType: hard

"async-function@npm:^1.0.0":
  version: 1.0.0
  resolution: "async-function@npm:1.0.0"
  checksum: ee47e2a250a8541aa110f2b18cd17d6e44fe9234c88a4f19a9419cc3231495aed515efea01376158edb4f7d8ab7d4bdb3d7a19dbdc3355126a1d779cc64cab7b
  languageName: node
  linkType: hard

"async-generator-function@npm:^1.0.0":
  version: 1.0.0
  resolution: "async-generator-function@npm:1.0.0"
  checksum: 1066131c229bb1b342c983bbf6df0a5088a8e96114b796a6f481a541348f006af22de1b4c1ccc520cf7b5fa98f9ac470bde17df438659e6b2cc06c4f7863d72b
  languageName: node
  linkType: hard

"balanced-match@npm:^1.0.0":
  version: 1.0.0
  resolution: "balanced-match@npm:1.0.0"
  checksum: f515a605fe1b59f476f7477c5e1d53ad55b4f42982fca1d57b6701906f4ad1f1ac90fd6587d92cc1af2edb43eecf979214dd847ee410a6de9db4ebf0dd128d62
  languageName: node
  linkType: hard

"body-parser@npm:^2.2.1":
  version: 2.3.0
  resolution: "body-parser@npm:2.3.0"
  dependencies:
    bytes: ^3.1.2
    content-type: ^2.0.0
    debug: ^4.4.3
    http-errors: ^2.0.1
    iconv-lite: ^0.7.2
    on-finished: ^2.4.1
    qs: ^6.15.2
    raw-body: ^3.0.2
    type-is: ^2.1.0
  checksum: ecec3aad1d047903d735e79fc7c3cc2c35291f04b3540900f10cc163479328c357c7746ed3634bda7f048805c696e4f6d1f61380fc0854ec7781bfeef6104c83
  languageName: node
  linkType: hard

"brace-expansion@npm:^1.1.7":
  version: 1.1.11
  resolution: "brace-expansion@npm:1.1.11"
  dependencies:
    balanced-match: ^1.0.0
    concat-map: 0.0.1
  checksum: 4c878e25e4858baf801945dfd63eb68feab2e502cf1122f25f3915c0e3bf397af3a93ff6bef0798db41c0d81ef28c08e55daac38058710f749a3b96eee6b8f40
  languageName: node
  linkType: hard

"browserstack-local@npm:^1.4.8":
  version: 1.4.8
  resolution: "browserstack-local@npm:1.4.8"
  dependencies:
    https-proxy-agent: ^4.0.0
    is-running: ^2.1.0
    ps-tree: =1.2.0
    temp-fs: ^0.9.9
  checksum: 1749a890b470995434f5dc3b8d13268aad2e75904feda5e589cd954d3058fb49f31e0a669777e2bf239c49cc730b2d690a08c2076546e80bb3cdc09c841fc6f5
  languageName: node
  linkType: hard

"bytes@npm:^3.1.2, bytes@npm:~3.1.2":
  version: 3.1.2
  resolution: "bytes@npm:3.1.2"
  checksum: 5d6285ef0efde430b07b5a76b5d2bff69c7a89be240a0dc9b5ad181de346a0b53ca6b6e5332d14af455aee68f12ebe4e88fead0838339c28e9a00674f25a82bb
  languageName: node
  linkType: hard

"call-bind-apply-helpers@npm:^1.0.1, call-bind-apply-helpers@npm:^1.0.2":
  version: 1.0.2
  resolution: "call-bind-apply-helpers@npm:1.0.2"
  dependencies:
    es-errors: ^1.3.0
    function-bind: ^1.1.2
  checksum: b58a3cc822e9742648fc4d18df636384a2a08acdb512ffea01b4614fa2ff016a95dafc882bf52ccdd0110380042752f9265e09a661b43c466b756d75cddbe294
  languageName: node
  linkType: hard

"call-bound@npm:^1.0.2":
  version: 1.0.4
  resolution: "call-bound@npm:1.0.4"
  dependencies:
    call-bind-apply-helpers: ^1.0.2
    get-intrinsic: ^1.3.0
  checksum: 8686c7990d4da339676e6088e2300ee73720ff3144c07dbbe9cc742ae3edd4716850d0d37996947ba47318bfe0bd9fa9a1c0bf79a81d8706451e2841bb8c3d9e
  languageName: node
  linkType: hard

"concat-map@npm:0.0.1":
  version: 0.0.1
  resolution: "concat-map@npm:0.0.1"
  checksum: 554e28d9ee5aa6e061795473ee092cb3d3a2cbdb76c35416e0bb6e03f136d7d07676da387b2ed0ec4106cedbb6534080d9abc48ecc4a92b76406cf2d0c3c0c4b
  languageName: node
  linkType: hard

"content-disposition@npm:^1.0.0":
  version: 1.1.0
  resolution: "content-disposition@npm:1.1.0"
  checksum: d2a6a16a054603aa03605fb8ecf8b3b83b7ee1ea970effa6d4a4df4ec86871a2a4827a16d615ee429f40bf5149006a22a95ea552c35cd0a697b69189d27a3462
  languageName: node
  linkType: hard

"content-type@npm:^1.0.5":
  version: 1.0.5
  resolution: "content-type@npm:1.0.5"
  checksum: b9048d1de893fcbc79c94dd17c6080e5cf9a8b35b322674be91e76c0831504f857d2caf7ce29d330e4e5f20ba914164377c99b3285cfe7ffbe64afe976dacd7b
  languageName: node
  linkType: hard

"content-type@npm:^2.0.0, content-type@npm:^2.1.0":
  version: 2.1.0
  resolution: "content-type@npm:2.1.0"
  checksum: a6fbdeaf9e4343fe877f71834359be34aa50b5b709c3f2b632792f60555c12e027c51c839d48c63998a424975bcfe139f52e887b15c640c0af32d38f3b6f84d9
  languageName: node
  linkType: hard

"cookie-signature@npm:^1.2.1":
  version: 1.2.2
  resolution: "cookie-signature@npm:1.2.2"
  checksum: 29dab241fad50c0346ce6be4c7ded643ec5bb50484cb2f500d10f24a4cae44dac7240dd0edb10989998986572d5bd10fb3da98c251d945a788247b28c84c5009
  languageName: node
  linkType: hard

"cookie@npm:^0.7.1":
  version: 0.7.2
  resolution: "cookie@npm:0.7.2"
  checksum: 2bccc11af5fca3fc9bc707068abe69934b05fda8fff99aefeeb70b17ed0cd635e3357c93c642e59b27b9dcf883276f1f53dcf6bd61708e14172efe59c518977b
  languageName: node
  linkType: hard

"core-util-is@npm:~1.0.0":
  version: 1.0.2
  resolution: "core-util-is@npm:1.0.2"
  checksum: 089015ee3c462dfceba70faa1df83b42a7bb35db26dae6af283247b06fe3216c65fccd9f00eebcaf98300dc31e981d56aae9f90b624f8f6ff1153e235ff88b65
  languageName: node
  linkType: hard

"debug@npm:4, debug@npm:^4.4.0, debug@npm:^4.4.3":
  version: 4.4.3
  resolution: "debug@npm:4.4.3"
  dependencies:
    ms: ^2.1.3
  peerDependenciesMeta:
    supports-color:
      optional: true
  checksum: 70d348ff8ae30bb5d247cda08b64c0154f68e34f55ecbeb4174f97f7468778fdcfe92f2abfa68385d3d88770469dd8a51954d897a622accf6f463bcaf2286515
  languageName: node
  linkType: hard

"depd@npm:^2.0.0, depd@npm:~2.0.0":
  version: 2.0.0
  resolution: "depd@npm:2.0.0"
  checksum: 20726d843f5ab5e933211fcb5a440a1a3986ef9d6f85d38cf1eae815ea3cc12fa4436bd35a38e21bdb391a021b57f2d97b9f856873852506acac1b07ac913ba4
  languageName: node
  linkType: hard

"dunder-proto@npm:^1.0.1":
  version: 1.0.1
  resolution: "dunder-proto@npm:1.0.1"
  dependencies:
    call-bind-apply-helpers: ^1.0.1
    es-errors: ^1.3.0
    gopd: ^1.2.0
  checksum: d20bcc72d24bbae170dd9ed9c04c6584b9493df2056dafad9fb07c9c9eebf74fa3a2aea4f93ce6dbcb6c7460c633d2f3d60af066c3f6adfd84269f4394c4208c
  languageName: node
  linkType: hard

"duplexer@npm:~0.1.1":
  version: 0.1.2
  resolution: "duplexer@npm:0.1.2"
  checksum: 5c2ccea7c8e130bffabeafeadaf58dd38d4abd1b2c563d462f026f78d4b2f2085d64342b964660241591ade874f9a54890a965324f6c56e2bd1924d0cf583c5a
  languageName: node
  linkType: hard

"ee-first@npm:1.1.1":
  version: 1.1.1
  resolution: "ee-first@npm:1.1.1"
  checksum: ba74f91398e3ee3b6d665b2f0d13ad6530e89a7e64ec886a6eec0602fb8a5a274652960e21bd5d4b42fdeb9017d873ff872f50342d38779e955285977edb337c
  languageName: node
  linkType: hard

"encodeurl@npm:^2.0.0":
  version: 2.0.0
  resolution: "encodeurl@npm:2.0.0"
  checksum: 1fbc6b83fbd6b2d97ddd5ed1a47abe286eb4b45deb1e3ba4e8f3c9dfca846665f2054d039c89c52c873c992e9d5f81a7f3fe9273199f930584ffb14ceafa2393
  languageName: node
  linkType: hard

"es-define-property@npm:^1.0.1":
  version: 1.0.1
  resolution: "es-define-property@npm:1.0.1"
  checksum: 4fce443ce67af19891aa1c4b232307ef673a4285107eaf16b2fae8ca709090da4a5cc68cb05e8c8efb5dcdf97e81f9c8bbeb4eea2a30719620170eed432aa4db
  languageName: node
  linkType: hard

"es-errors@npm:^1.3.0":
  version: 1.3.0
  resolution: "es-errors@npm:1.3.0"
  checksum: 46c70b612dd7441b73035ecc7ca7bd18695377bf1928a1d2676672d6fb0275ebf0a7b4ac0d40ceb2929a2ea54e877058b9ac77c15d2affa9910644e2cd5562c2
  languageName: node
  linkType: hard

"es-object-atoms@npm:^1.0.0, es-object-atoms@npm:^1.1.1":
  version: 1.1.2
  resolution: "es-object-atoms@npm:1.1.2"
  dependencies:
    es-errors: ^1.3.0
  checksum: 15d3dee1ab947f9ea092f3ac11c79f23207765ed721fc7afcfd29f7ec12b45aca84fd3cb83d8f32b595f929a5203dda5a9238f3eabb1854f8c3a4c00b90d849c
  languageName: node
  linkType: hard

"escape-html@npm:^1.0.3":
  version: 1.0.3
  resolution: "escape-html@npm:1.0.3"
  checksum: 900a7f2b80b9f89c85b7a303d1b7a4d354b93e328871414f165f13c5c209a80eab787e3a63429e596877def69fe4dcb3d1b55af655207a901a9ec99f7f148743
  languageName: node
  linkType: hard

"etag@npm:^1.8.1":
  version: 1.8.1
  resolution: "etag@npm:1.8.1"
  checksum: f18341a3c12a554ec46c0d4756bc9cae177e92f25a4ebd9ceefebf0ee448b675972fc110879f22b1bf514174713921ae5de9ff77af2062d422b1085588465a57
  languageName: node
  linkType: hard

"event-stream@npm:=3.3.4":
  version: 3.3.4
  resolution: "event-stream@npm:3.3.4"
  dependencies:
    duplexer: ~0.1.1
    from: ~0
    map-stream: ~0.1.0
    pause-stream: 0.0.11
    split: 0.3
    stream-combiner: ~0.0.4
    through: ~2.3.1
  checksum: dd5a563370ed94cfcc8f495528fd4795505d5ee7a991ea7870ec550dd9a785c121b47e931eb3e82be7ff0f449ae113b8026468249715ac432ffa9d402317715e
  languageName: node
  linkType: hard

"express@npm:^5.0.0":
  version: 5.2.1
  resolution: "express@npm:5.2.1"
  dependencies:
    accepts: ^2.0.0
    body-parser: ^2.2.1
    content-disposition: ^1.0.0
    content-type: ^1.0.5
    cookie: ^0.7.1
    cookie-signature: ^1.2.1
    debug: ^4.4.0
    depd: ^2.0.0
    encodeurl: ^2.0.0
    escape-html: ^1.0.3
    etag: ^1.8.1
    finalhandler: ^2.1.0
    fresh: ^2.0.0
    http-errors: ^2.0.0
    merge-descriptors: ^2.0.0
    mime-types: ^3.0.0
    on-finished: ^2.4.1
    once: ^1.4.0
    parseurl: ^1.3.3
    proxy-addr: ^2.0.7
    qs: ^6.14.0
    range-parser: ^1.2.1
    router: ^2.2.0
    send: ^1.1.0
    serve-static: ^2.2.0
    statuses: ^2.0.1
    type-is: ^2.0.1
    vary: ^1.1.2
  checksum: 5f9c26e11ae350bccdfef0f0002c9e6638c950c5e83a6cb40fc00b9d05ce42d8a368c72d1d88d72c2fa1cab670f47bbb051a39f266f6220cf56cf0c4fecc1dcb
  languageName: node
  linkType: hard

"finalhandler@npm:^2.1.0":
  version: 2.1.1
  resolution: "finalhandler@npm:2.1.1"
  dependencies:
    debug: ^4.4.0
    encodeurl: ^2.0.0
    escape-html: ^1.0.3
    on-finished: ^2.4.1
    parseurl: ^1.3.3
    statuses: ^2.0.1
  checksum: bde96718f729e37c1a0ce7e5128be644c3d92041092fac5eb58eaf55b5dae7fd0e174a698aff595a2506e6aa8cba08334006d0e810b47070c3ed1f5f99a7f9c5
  languageName: node
  linkType: hard

"forwarded@npm:0.2.0":
  version: 0.2.0
  resolution: "forwarded@npm:0.2.0"
  checksum: 1e84548d8ffb072d7edd4c5375ce71e2631c28efcd1084c4578f1a71dd6c4b0d58a6ddcdc923514766030cf38068258971a919e91ffa472460ec0f6dac7209ea
  languageName: node
  linkType: hard

"fresh@npm:^2.0.0":
  version: 2.0.0
  resolution: "fresh@npm:2.0.0"
  checksum: 75616f3b45c9f817112b4f2de1e9ec826512c90c640de78c462dbd8b1ffa5657ac11039543dd32f6b5e5abca210e41b9b1dc2f59d2d2a79e5a36ed459c58e9e3
  languageName: node
  linkType: hard

"from@npm:~0":
  version: 0.1.7
  resolution: "from@npm:0.1.7"
  checksum: 23cc6301f6475806242a68cc2d70e40d363ffe0590c4c053c44638a9fb8c7c77a521f20d5c880b10a5e523a7ba1ca3e0827ccef32bddf0f3ad7b6bda771b1194
  languageName: node
  linkType: hard

"fs.realpath@npm:^1.0.0":
  version: 1.0.0
  resolution: "fs.realpath@npm:1.0.0"
  checksum: 698a91b1695e3926185c9e5b0dd57cf687dceb4eb73799af91e6b2ab741735e2962c366c5af6403ffddae2619914193bd339efa706fdc984d0ffc74b7a3603f4
  languageName: node
  linkType: hard

"function-bind@npm:^1.1.2":
  version: 1.1.2
  resolution: "function-bind@npm:1.1.2"
  checksum: 0d0c3d1dbe839454b444f2b9ee49cfdc35e40ed48c46658ad7f45d7e8621479adad93195fdd509860c5a339a69e2ffd9312d2e2ddb8671c248c9ff2942124468
  languageName: node
  linkType: hard

"generator-function@npm:^2.0.0":
  version: 2.0.1
  resolution: "generator-function@npm:2.0.1"
  checksum: 9a0a841b37ccbec4be431bce561684142e3d154c5f50cb441952b12b593215f756fbc04097eb0d32e32282d37e67eb6c11c1927344c60008450250efd62b7d0e
  languageName: node
  linkType: hard

"get-intrinsic@npm:^1.2.5, get-intrinsic@npm:^1.3.0":
  version: 1.3.1
  resolution: "get-intrinsic@npm:1.3.1"
  dependencies:
    async-function: ^1.0.0
    async-generator-function: ^1.0.0
    call-bind-apply-helpers: ^1.0.2
    es-define-property: ^1.0.1
    es-errors: ^1.3.0
    es-object-atoms: ^1.1.1
    function-bind: ^1.1.2
    generator-function: ^2.0.0
    get-proto: ^1.0.1
    gopd: ^1.2.0
    has-symbols: ^1.1.0
    hasown: ^2.0.2
    math-intrinsics: ^1.1.0
  checksum: e127cccc582bddcea69be3c6578e409c8fe73ad20d9d6c1f3c8648b2e49e593eb7b7fe67df8d532d63c81406042af6e9c79d725030ec402f6f27316efefc7b47
  languageName: node
  linkType: hard

"get-proto@npm:^1.0.1":
  version: 1.0.1
  resolution: "get-proto@npm:1.0.1"
  dependencies:
    dunder-proto: ^1.0.1
    es-object-atoms: ^1.0.0
  checksum: b5b4331454085b7157dc7bad827243e726ecc9bb53c6dd965c6b624c448c80cd6f37af1b261ead4bf4fa3b6868b72e2acc5b845e9659eabdffab5b02831eeb80
  languageName: node
  linkType: hard

"glob@npm:^7.0.5, glob@npm:^7.1.3":
  version: 7.1.6
  resolution: "glob@npm:7.1.6"
  dependencies:
    fs.realpath: ^1.0.0
    inflight: ^1.0.4
    inherits: 2
    minimatch: ^3.0.4
    once: ^1.3.0
    path-is-absolute: ^1.0.0
  checksum: 789977b52432865bd63846da5c75a6efc2c56abdc0cb5ffcdb8e91eeb67a58fa5594c1195d18b2b4aff99675b0739ed6bd61024b26562e0cca18c8f993efdc82
  languageName: node
  linkType: hard

"gopd@npm:^1.2.0":
  version: 1.2.0
  resolution: "gopd@npm:1.2.0"
  checksum: 3159932a241cc9bb5f53a76e8efa36f0ce0e66d89a6ae41430a8797cf87935f487fce3a5113321d88a57023550556941582f7c539433c9c7872e76e99f10d867
  languageName: node
  linkType: hard

"has-symbols@npm:^1.1.0":
  version: 1.1.0
  resolution: "has-symbols@npm:1.1.0"
  checksum: eae5c93a43c5d887a83c4b3245fbf9f77fe52f9684ad8f33ff9b6e746ff2e2082f4acf5f33aed426e44491bcbc173a3527fc498238f12bf2c8f29df86cf8d2eb
  languageName: node
  linkType: hard

"hasown@npm:^2.0.2":
  version: 2.0.4
  resolution: "hasown@npm:2.0.4"
  dependencies:
    function-bind: ^1.1.2
  checksum: 3a7736fae069b9f3d4dda622c703a4340d47596cdc016d5172aa51589a211091fe8db681fee60cfd28915ca034170ddadfd736398fd9c930d3ad6a286aa637c9
  languageName: node
  linkType: hard

"http-errors@npm:^2.0.0, http-errors@npm:^2.0.1, http-errors@npm:~2.0.1":
  version: 2.0.1
  resolution: "http-errors@npm:2.0.1"
  dependencies:
    depd: ~2.0.0
    inherits: ~2.0.4
    setprototypeof: ~1.2.0
    statuses: ~2.0.2
    toidentifier: ~1.0.1
  checksum: 1dc8f74c4b8d31aa761ae8680a07d046eb24f59a74c28f2cebf6948e27a8bcc77125dc1591c53aad82bb49d4e2123fc4947bcea93315e860ae4f754bf18b8481
  languageName: node
  linkType: hard

"https-proxy-agent@npm:^4.0.0":
  version: 4.0.0
  resolution: "https-proxy-agent@npm:4.0.0"
  dependencies:
    agent-base: 5
    debug: 4
  checksum: d3d20730cdcfa1b1ac492280501fa7b14ee89eb4fa2e7d300cc260463b48ea98b6cf1d4b287f40faa8c36c2f88d87819b4b419be5ec4055e9dcd2db501ce4680
  languageName: node
  linkType: hard

"iconv-lite@npm:^0.7.2, iconv-lite@npm:~0.7.0":
  version: 0.7.3
  resolution: "iconv-lite@npm:0.7.3"
  dependencies:
    safer-buffer: ">= 2.1.2 < 3.0.0"
  checksum: 64ebac8e38a767c9d98e52b90b11560b676b56ccf43ea2176517f03518a6ec9ab3f11de1b9be13113c9350abb2bfbd6f032401ddc2b7030e931198065cef5210
  languageName: node
  linkType: hard

"immediate@npm:~3.0.5":
  version: 3.0.6
  resolution: "immediate@npm:3.0.6"
  checksum: e86d4d20e2da86f9a4629d9aee9d56dfae7d3a7ace7f569b0538f2ec2570d86b3cbdc52c546d23be2cfd28306670f44676fc833cd96d9506659b8c5ab8202ca4
  languageName: node
  linkType: hard

"inflight@npm:^1.0.4":
  version: 1.0.6
  resolution: "inflight@npm:1.0.6"
  dependencies:
    once: ^1.3.0
    wrappy: 1
  checksum: 17c53fc42cbe7f7f471d2bc41b97a0cde4b79a74d5ff59997d3f75210566fa278e17596da526d43de2bd07e222706240ce50e60097e54f2cde2e64cbbb372638
  languageName: node
  linkType: hard

"inherits@npm:2, inherits@npm:~2.0.3, inherits@npm:~2.0.4":
  version: 2.0.4
  resolution: "inherits@npm:2.0.4"
  checksum: 98426da247ddfc3dcd7d7daedd90c3ca32d5b08deca08949726f12d49232aef94772a07b36cf4ff833e105ae2ef931777f6de4a6dd8245a216b9299ad4a50bea
  languageName: node
  linkType: hard

"ipaddr.js@npm:1.9.1":
  version: 1.9.1
  resolution: "ipaddr.js@npm:1.9.1"
  checksum: de15bc7e63973d960abc43c9fbbf19589c726774f59d157d1b29382a1e86ae87c68cbd8b5c78a1712a87fc4fcd91e10762c7671950c66a1a19040ff4fd2f9c9b
  languageName: node
  linkType: hard

"is-promise@npm:^4.0.0":
  version: 4.0.0
  resolution: "is-promise@npm:4.0.0"
  checksum: 7085bdc4eaff389c5730a1d54f014880e90ca1e4b7f0a49de9f3c5f5d2fb9e0c3a878ac226d3aa9190bfe4a78400e66d911427ef4812455756293cdb02fb05cf
  languageName: node
  linkType: hard

"is-running@npm:^2.1.0":
  version: 2.1.0
  resolution: "is-running@npm:2.1.0"
  checksum: 12b75e9513a8e801f6e5a2874c68cf84ace4e2f91cff8ccf14a37a7a6ee6ea79e4e2d384451191e3d84ad137327446144635a5fd4bb13a0c1e483f0931e9b876
  languageName: node
  linkType: hard

"isarray@npm:~1.0.0":
  version: 1.0.0
  resolution: "isarray@npm:1.0.0"
  checksum: b0ff31a290e783f7b3fb73f2951ee7fc2946dc197b05f73577dc77f87dc3be2e0f66007bedf069123d4e5c4b691e7c89a241f6ca06f0c0f4765cdac5aa4b4047
  languageName: node
  linkType: hard

"jszip@npm:^3.1.3":
  version: 3.5.0
  resolution: "jszip@npm:3.5.0"
  dependencies:
    lie: ~3.3.0
    pako: ~1.0.2
    readable-stream: ~2.3.6
    set-immediate-shim: ~1.0.1
  checksum: 6b5e86e7101b2162cedb88979fbb0c9bc83522d143bc29e582b9cc2dcfe9a12be299cbfa32a58b44a51df1621633dd15b5f0f8e9625c8d4070144d80d7489393
  languageName: node
  linkType: hard

"lie@npm:~3.3.0":
  version: 3.3.0
  resolution: "lie@npm:3.3.0"
  dependencies:
    immediate: ~3.0.5
  checksum: 6c758fbea382ca251d8f6f32b4066b4c57b4c5d574babc7c6abf7bd20e522a54bcd364dd95d6695103b189a005fcaf9e55d7c58a6c243d4ebdd0cc803898c8bd
  languageName: node
  linkType: hard

"map-stream@npm:~0.1.0":
  version: 0.1.0
  resolution: "map-stream@npm:0.1.0"
  checksum: 46003aa4a78c32d2f6d6e71d93f3401cf97ee1823117d1b148872d50373d3642fc1becdbbbf4f27b40692db7cd1cb770fc2be282f2bd785662c68eb1956a1219
  languageName: node
  linkType: hard

"math-intrinsics@npm:^1.1.0":
  version: 1.1.0
  resolution: "math-intrinsics@npm:1.1.0"
  checksum: 85a07274fa128499337332398a00131e0e6d1ea1531b159b6eca0af0e42b0a043e2f604165a7f13bc2bf3d281c83b5427fcd8b21f9b8b2b2fc216ec04dec5ef3
  languageName: node
  linkType: hard

"media-typer@npm:^1.1.0":
  version: 1.1.1
  resolution: "media-typer@npm:1.1.1"
  checksum: 943bab21d56b17e0db5dde9a1ee58d21bc8925ef248670c74338d68d01398f4f1843f852c94a085b1eba62f49a53b060f2a8ec4452dfc73a043c1bf4f5226b6f
  languageName: node
  linkType: hard

"merge-descriptors@npm:^2.0.0":
  version: 2.0.0
  resolution: "merge-descriptors@npm:2.0.0"
  checksum: a5e52891d123af64689f41c325a9de56d9233c95e5ab65d5740a831f6be8c362e14fff600e9184f6f2355b33d8f2566f37f4f6ce1ad87be77d451131b8f17ad5
  languageName: node
  linkType: hard

"mime-db@npm:^1.54.0":
  version: 1.54.0
  resolution: "mime-db@npm:1.54.0"
  checksum: e086c7cec0d280621a3fcf979b10016edf4fc2f136d52a20567191e710649426826dfbe25137dfc788d1fe055dc25242b1da0ea376665e0f97da953bc5b337a7
  languageName: node
  linkType: hard

"mime-types@npm:^3.0.0, mime-types@npm:^3.0.2":
  version: 3.0.2
  resolution: "mime-types@npm:3.0.2"
  dependencies:
    mime-db: ^1.54.0
  checksum: 483f41ebf7b4d27ed0b91d2eb533a0bb18f60b4f528c3d5e828ecf2a271ff8a0828e78d6263536e62d321a03495edb33dc3964117027bb772a9fb5aa6a989748
  languageName: node
  linkType: hard

"minimatch@npm:^3.0.4":
  version: 3.0.4
  resolution: "minimatch@npm:3.0.4"
  dependencies:
    brace-expansion: ^1.1.7
  checksum: 47eab9263962cacd5733e274ecad2d8e54b0f8e124ba35ae69189e296058f634a4967b87a98954f86fa5c830ff177caf827ce0136d28717ed3232951fb4fae62
  languageName: node
  linkType: hard

"ms@npm:^2.1.3":
  version: 2.1.3
  resolution: "ms@npm:2.1.3"
  checksum: 6e721e648a544154d5de4c114b32f573d8027ca8ec505cf6c1105e505986d6ac46934a1256735aa0eece8eb2f5b2a1230503b2dddd3b100f9f016fd8a4f15f33
  languageName: node
  linkType: hard

"negotiator@npm:^1.0.0":
  version: 1.1.0
  resolution: "negotiator@npm:1.1.0"
  dependencies:
    content-type: ^2.1.0
  checksum: b3acd7ec5fcf8ccdfbd8941027baefa12f9ff0b983ccd5633b2e7ce57acfb6cd7be601e6778be05bf3d52bbd46f4a03d46521e19208fd9d2155c80901e21596f
  languageName: node
  linkType: hard

"object-inspect@npm:^1.13.3, object-inspect@npm:^1.13.4":
  version: 1.13.4
  resolution: "object-inspect@npm:1.13.4"
  checksum: 19267aadda80cbe94303d3ebba9a53e532f5a0eb7dee60dbefcea04746c6eb363587a80a3baf87986ccffdab4c151b204b256eb4630ddacd40346d061b852ee7
  languageName: node
  linkType: hard

"on-finished@npm:^2.4.1":
  version: 2.4.1
  resolution: "on-finished@npm:2.4.1"
  dependencies:
    ee-first: 1.1.1
  checksum: ed2f28508d2eda518aa4c814a345f1731a1c91acc05b47c17fe304cc71809c2e0e17cca1f4fd032e5e5b6b207d158d15413179868a1b90deeace8fb236fea3a6
  languageName: node
  linkType: hard

"once@npm:^1.3.0, once@npm:^1.4.0":
  version: 1.4.0
  resolution: "once@npm:1.4.0"
  dependencies:
    wrappy: 1
  checksum: 57afc246536cf6494437f982b26475f22bee860f8b77ce8eb1543f42a8bffe04b2c66ddfea9a16cb25ccb80943f8ee4fc639367ef97b7a6a4f2672eb573963f5
  languageName: node
  linkType: hard

"os-tmpdir@npm:~1.0.1":
  version: 1.0.2
  resolution: "os-tmpdir@npm:1.0.2"
  checksum: ca158a3c2e48748adc7736cdbe4c593723f8ed8581d2aae2f2a30fdb9417d4ba14bed1cd487d47561898a7b1ece88bce69745e9ce0303e1dea9ea7d22d1f1082
  languageName: node
  linkType: hard

"pako@npm:~1.0.2":
  version: 1.0.11
  resolution: "pako@npm:1.0.11"
  checksum: 71c60150b68220ec52a404f3c39a4ed38f750e42452b88fe0eb2e6b5c98e91f73f706444359b097aca1e6db83ef8fef50b5a9ec100e30a606cda6da8d45e5439
  languageName: node
  linkType: hard

"parseurl@npm:^1.3.3":
  version: 1.3.3
  resolution: "parseurl@npm:1.3.3"
  checksum: 52c9e86cb58e38b28f1a50a6354d16648974ab7a2b91b209f97102840471de8adf524427774af6d5bc482fb7c0a6af6ba08ab37de9a1a7ae389ebe074015914b
  languageName: node
  linkType: hard

"path-is-absolute@npm:^1.0.0":
  version: 1.0.1
  resolution: "path-is-absolute@npm:1.0.1"
  checksum: 907e1e3e6ac0aef6e65adffd75b3892191d76a5b94c5cf26b43667c4240531d11872ca6979c209b2e5e1609f7f579d02f64ba9936b48bb59d36cc529f0d965ed
  languageName: node
  linkType: hard

"path-to-regexp@npm:^8.0.0":
  version: 8.4.2
  resolution: "path-to-regexp@npm:8.4.2"
  checksum: 0e7b25bd3ac6f8b727ab0638a9776356087300c4b5ae4966c73da1331d3482e7c7c42efd1dbd808c10f9959c1f16be732fc3a5490a11fbc049269b654d0f8ac9
  languageName: node
  linkType: hard

"pause-stream@npm:0.0.11":
  version: 0.0.11
  resolution: "pause-stream@npm:0.0.11"
  dependencies:
    through: ~2.3
  checksum: a6bcf306f5e7f2cca0adcb424a6c7fa2760233ffd0631695421fdb29cdf8fbaf734161a6e97ebd05c83764b950029167036b0bb9898b36ae772ad5ad48862e91
  languageName: node
  linkType: hard

"process-nextick-args@npm:~2.0.0":
  version: 2.0.1
  resolution: "process-nextick-args@npm:2.0.1"
  checksum: ddeb0f07d0d5efa649c2c5e39d1afd0e3668df2b392d036c8a508b0034f7beffbc474b3c2f7fd3fed2dc4113cef8f1f7e00d05690df3c611b36f6c7efd7852d1
  languageName: node
  linkType: hard

"proxy-addr@npm:^2.0.7":
  version: 2.0.7
  resolution: "proxy-addr@npm:2.0.7"
  dependencies:
    forwarded: 0.2.0
    ipaddr.js: 1.9.1
  checksum: ad78682246dc20ed6ca4080539349828bc2708cf0b69c55d6a3c41532780a8d05f563dcbac6ec4b74dce367421bff6fc4bc6b700b14319ecf57c93bd62727fc6
  languageName: node
  linkType: hard

"ps-tree@npm:=1.2.0":
  version: 1.2.0
  resolution: "ps-tree@npm:1.2.0"
  dependencies:
    event-stream: =3.3.4
  bin:
    ps-tree: ./bin/ps-tree.js
  checksum: 0dd001ab27d022acc6226ebf54938deaf151200f778d5f34470dcfe7395e5695331c588641c574e742d3933803c0b974802bd2c22ebe1584afe1c93f319b02cf
  languageName: node
  linkType: hard

"qs@npm:^6.14.0, qs@npm:^6.15.2":
  version: 6.16.0
  resolution: "qs@npm:6.16.0"
  dependencies:
    es-define-property: ^1.0.1
    side-channel: ^1.1.1
  checksum: c61042135515a5c23e7408c703d042603a335f3fe640e1485f2f5e043815bcd88a159b993d953fb7719af46472d755a87c2198a823c4879f82b7dd36c6162e97
  languageName: node
  linkType: hard

"range-parser@npm:^1.2.1":
  version: 1.3.0
  resolution: "range-parser@npm:1.3.0"
  checksum: e4260c69f1832083f636af1f5a489089f24d6adaeb68156092558176ae19328315c0dca2158dd9441c9aec3452f699ccb78c1ef252e096754f1c1d7ce44ceb50
  languageName: node
  linkType: hard

"raw-body@npm:^3.0.2":
  version: 3.0.2
  resolution: "raw-body@npm:3.0.2"
  dependencies:
    bytes: ~3.1.2
    http-errors: ~2.0.1
    iconv-lite: ~0.7.0
    unpipe: ~1.0.0
  checksum: d9ea8d9c1eba326a94673a55236c3ff26deead58bca033cb88d2dfb90ab6422523e3a6d261e4feb9bc342d193f31c45f2ca49bfec0722dadbd5d827509e52364
  languageName: node
  linkType: hard

"readable-stream@npm:~2.3.6":
  version: 2.3.7
  resolution: "readable-stream@npm:2.3.7"
  dependencies:
    core-util-is: ~1.0.0
    inherits: ~2.0.3
    isarray: ~1.0.0
    process-nextick-args: ~2.0.0
    safe-buffer: ~5.1.1
    string_decoder: ~1.1.1
    util-deprecate: ~1.0.1
  checksum: 6e3826560627a751feb3a8aec073ef94c6e47b8c8e06eb5d136323b5f09db9d2077c23a42a8d54ed0123695af54b36c1e4271a8ec55112b15f4b89020d8dec72
  languageName: node
  linkType: hard

"rimraf@npm:^2.5.4":
  version: 2.7.1
  resolution: "rimraf@npm:2.7.1"
  dependencies:
    glob: ^7.1.3
  bin:
    rimraf: ./bin.js
  checksum: 059efac2838ef917d4d1da1d80e724ad28c120cdf14ca6ed27ca72db2dc70be3e25421cba5947c6ec3d804c1d2bb9a247254653816ee0722bf943ffdd1ae19ef
  languageName: node
  linkType: hard

"rimraf@npm:~2.5.2":
  version: 2.5.4
  resolution: "rimraf@npm:2.5.4"
  dependencies:
    glob: ^7.0.5
  bin:
    rimraf: ./bin.js
  checksum: d61ffc54a6ee083db7540ac7cb6b87bc58538271303f52b32a146c059cdb93d914e94a4468960f4e09b15b783777bdc6b2461b1ac157d5abe034edfdc7e38318
  languageName: node
  linkType: hard

"router@npm:^2.2.0":
  version: 2.2.0
  resolution: "router@npm:2.2.0"
  dependencies:
    debug: ^4.4.0
    depd: ^2.0.0
    is-promise: ^4.0.0
    parseurl: ^1.3.3
    path-to-regexp: ^8.0.0
  checksum: 067fc81698190c77af4e717c18874a219d02302e0e6c1b3ded1c6c3a4b41143c1a809c86c4dbbc296f95b072efa2b75d89f4557d6d511d0ed4719784bd075e75
  languageName: node
  linkType: hard

"safe-buffer@npm:~5.1.0, safe-buffer@npm:~5.1.1":
  version: 5.1.2
  resolution: "safe-buffer@npm:5.1.2"
  checksum: 2708587c1b5e70a5e420714ceb59f30f5791c6e831d39812125a008eca63a4ac18578abd020a0776ea497ff03b4543f2b2a223a7b9073bf2d6c7af9ec6829218
  languageName: node
  linkType: hard

"safer-buffer@npm:>= 2.1.2 < 3.0.0":
  version: 2.1.2
  resolution: "safer-buffer@npm:2.1.2"
  checksum: 549ba83f5b314b59898efe3422120ce1ca7987a6eae5925a5fa5db930dc414d4a9dde0a5594f89638cd6ea60b6840ea961872908933ac2428d1726489db46fa5
  languageName: node
  linkType: hard

"sax@npm:>=0.6.0":
  version: 1.2.4
  resolution: "sax@npm:1.2.4"
  checksum: 9d7668d69105e89e2c1a4b2fdc12c72e1a2f78b825f7b4a8a2ea5cdfebf70920bd17715bed55264c3b3959616a0695f8ad2d098bf6944fbd0953ee9c695dceef
  languageName: node
  linkType: hard

"selenium-proxy@workspace:.":
  version: 0.0.0-use.local
  resolution: "selenium-proxy@workspace:."
  dependencies:
    browserstack-local: ^1.4.8
    express: ^5.0.0
    selenium-webdriver: ^3.6.0
    uuid: ^8.3.1
  languageName: unknown
  linkType: soft

"selenium-webdriver@npm:^3.6.0":
  version: 3.6.0
  resolution: "selenium-webdriver@npm:3.6.0"
  dependencies:
    jszip: ^3.1.3
    rimraf: ^2.5.4
    tmp: 0.0.30
    xml2js: ^0.4.17
  checksum: 6c56c9bdf7205fbee98b6852ae0856fceb6525fb580645fe68345b2d125b1b30644df8fc9f0dc3d7e3d0a816d95b955b2ef61ab068473ef2184bc43094480918
  languageName: node
  linkType: hard

"send@npm:^1.1.0, send@npm:^1.2.0":
  version: 1.2.1
  resolution: "send@npm:1.2.1"
  dependencies:
    debug: ^4.4.3
    encodeurl: ^2.0.0
    escape-html: ^1.0.3
    etag: ^1.8.1
    fresh: ^2.0.0
    http-errors: ^2.0.1
    mime-types: ^3.0.2
    ms: ^2.1.3
    on-finished: ^2.4.1
    range-parser: ^1.2.1
    statuses: ^2.0.2
  checksum: 44a7dc2e65f76d5a54155a073d1910f2a8a1a2a1397a0c3f154721c1cb405056f129eb486af46a5fb81ed25a32cd69b69e151ebbaeafd71d22c1207d502e68e8
  languageName: node
  linkType: hard

"serve-static@npm:^2.2.0":
  version: 2.2.1
  resolution: "serve-static@npm:2.2.1"
  dependencies:
    encodeurl: ^2.0.0
    escape-html: ^1.0.3
    parseurl: ^1.3.3
    send: ^1.2.0
  checksum: bad03682ce15e21c9fd58c36681a107ec114f839f939713884ff1ed7bbc75763ef32d8ee50ecbbb22b497fba820d3f88d3fcfab57e424a127bc873b0a4f4687c
  languageName: node
  linkType: hard

"set-immediate-shim@npm:~1.0.1":
  version: 1.0.1
  resolution: "set-immediate-shim@npm:1.0.1"
  checksum: be64b6800160830fec11aee59f88c7c20f9368510059673488f4373b2d83996337757bd9bf867356120d64762e2e6347272dd83438d452247e6f19be2fac36d2
  languageName: node
  linkType: hard

"setprototypeof@npm:~1.2.0":
  version: 1.2.0
  resolution: "setprototypeof@npm:1.2.0"
  checksum: 72691439857719aa33ec11ebc97960347f0f96e75c2fe65d0f2ca5c9c44fb1aa026e2ae528959624ed3ae3820fe06bfb1aded306402c5c941afd3dfdf47f79d0
  languageName: node
  linkType: hard

"side-channel-list@npm:^1.0.1":
  version: 1.0.1
  resolution: "side-channel-list@npm:1.0.1"
  dependencies:
    es-errors: ^1.3.0
    object-inspect: ^1.13.4
  checksum: 39ae0478a4481189c57f1e67a30da5a2ea5684c6bd7fd16b8854c422c6aa034bf4a97219af91b8844bc7916d88e4021f1dd00e73ec0e84da40ee068eaf4e9443
  languageName: node
  linkType: hard

"side-channel-map@npm:^1.0.1":
  version: 1.0.1
  resolution: "side-channel-map@npm:1.0.1"
  dependencies:
    call-bound: ^1.0.2
    es-errors: ^1.3.0
    get-intrinsic: ^1.2.5
    object-inspect: ^1.13.3
  checksum: cd9395ae046bcad276d46fd1efc358da0532a654e54d4541d2f81aec777cedb46f34b49024f17ead9def0a537df6326f1201b3609517c0cbcfe009922ad19ec7
  languageName: node
  linkType: hard

"side-channel-weakmap@npm:^1.0.2":
  version: 1.0.2
  resolution: "side-channel-weakmap@npm:1.0.2"
  dependencies:
    call-bound: ^1.0.2
    es-errors: ^1.3.0
    get-intrinsic: ^1.2.5
    object-inspect: ^1.13.3
    side-channel-map: ^1.0.1
  checksum: 0dde0cac9400a98b05015b8af4f6cf025c22bb178045d1981b5c4f083389024b77d11b5add3ba8c796b935ce14faeac11c7f2bc9238d4b5e60ee58d09c40ddbd
  languageName: node
  linkType: hard

"side-channel@npm:^1.1.1":
  version: 1.1.1
  resolution: "side-channel@npm:1.1.1"
  dependencies:
    es-errors: ^1.3.0
    object-inspect: ^1.13.4
    side-channel-list: ^1.0.1
    side-channel-map: ^1.0.1
    side-channel-weakmap: ^1.0.2
  checksum: 71dbabdf4c57d5b1a9af74761720904111ec5e4fcdfc9dd2b9d70ea548a9162ae424c476b834d65fda84476c309d0f45e75dd4d267fc5a5f3b4f1d25b88d2713
  languageName: node
  linkType: hard

"split@npm:0.3":
  version: 0.3.3
  resolution: "split@npm:0.3.3"
  dependencies:
    through: 2
  checksum: 4e20ae69b398d29820873dbba48baeefb6c1db3250cb2cdd467d91d571ea97232e94f21438d08824655d9436fd1c9994ce80e533c7b6a01923332f271bc8a1f4
  languageName: node
  linkType: hard

"statuses@npm:^2.0.1, statuses@npm:^2.0.2, statuses@npm:~2.0.2":
  version: 2.0.2
  resolution: "statuses@npm:2.0.2"
  checksum: 5756d7909ebadd30d7c15a594ad37415d212e16986b47b415dbb39437e7882e881fdd5643104516dc84116a0b5573ce2602d467a22ee314518443ac34d91af6b
  languageName: node
  linkType: hard

"stream-combiner@npm:~0.0.4":
  version: 0.0.4
  resolution: "stream-combiner@npm:0.0.4"
  dependencies:
    duplexer: ~0.1.1
  checksum: 0c936c1cb4f0cef21aef31e06d92b4bd39b4243f6dad5e2ce576d4b09c208c30fdc9f269c4a1435da5d2ff42eaa4ba25fcae886db08046effdc03b7e2d0ddcc6
  languageName: node
  linkType: hard

"string_decoder@npm:~1.1.1":
  version: 1.1.1
  resolution: "string_decoder@npm:1.1.1"
  dependencies:
    safe-buffer: ~5.1.0
  checksum: bc2dc169d83df1b9e94defe7716bcad8a19ffe8211b029581cb0c6f9e83a6a7ba9ec3be38d179708a8643c692868a2b8b004ab159555dc26089ad3fa7b2158f5
  languageName: node
  linkType: hard

"temp-fs@npm:^0.9.9":
  version: 0.9.9
  resolution: "temp-fs@npm:0.9.9"
  dependencies:
    rimraf: ~2.5.2
  checksum: 64c93d36b68e6a8f6d6ae279c3c9524977d27f6b62db1a9814da3ded81e6eb24447696b2c13ec02dddafeff95dfb316d29cb6f74aaeed0c7171d2af3b6da5e99
  languageName: node
  linkType: hard

"through@npm:2, through@npm:~2.3, through@npm:~2.3.1":
  version: 2.3.8
  resolution: "through@npm:2.3.8"
  checksum: 918d9151680b5355990011eb8c4b02e8cb8cf6e9fb6ea3d3e5a1faa688343789e261634ae35de4ea9167ab029d1e7bac6af2fe61b843931768d405fdc3e8897c
  languageName: node
  linkType: hard

"tmp@npm:0.0.30":
  version: 0.0.30
  resolution: "tmp@npm:0.0.30"
  dependencies:
    os-tmpdir: ~1.0.1
  checksum: 3641a3f04e964777cfdff039e0ecb7063531d5d1b65a6b120ac281ef44af8872a539d1e1c6ddee675004199cb093a3d37af0d2eb3e8ba7f45e7038bad26fbb9d
  languageName: node
  linkType: hard

"toidentifier@npm:~1.0.1":
  version: 1.0.1
  resolution: "toidentifier@npm:1.0.1"
  checksum: 2b5c573af97e7c12f91aeade737a40a539da3c123f43099bbddcd40c3365941b9877b482b994a89a3173c4e3f4f70fea887ae44242ade009efb4841f1dad9822
  languageName: node
  linkType: hard

"type-is@npm:^2.0.1, type-is@npm:^2.1.0":
  version: 2.1.0
  resolution: "type-is@npm:2.1.0"
  dependencies:
    content-type: ^2.0.0
    media-typer: ^1.1.0
    mime-types: ^3.0.0
  checksum: 803ed6fd5e8885d2a67cc1dfc5948a0d26d73f161977b2d8e4f2e0b0d9aadd469d98e4b78d33f876c46ed5ec55d59287b9f53154b1acd29da9f86ec7a7c30ffb
  languageName: node
  linkType: hard

"unpipe@npm:~1.0.0":
  version: 1.0.0
  resolution: "unpipe@npm:1.0.0"
  checksum: ba244e8bf640475b2143af95be5d71353cd4d238d63abf5dfe700c67841f066eb0819fc60dee7f2348ef647a5644a06ba024b9a0ab6d399fc07a05eb72a30ac7
  languageName: node
  linkType: hard

"util-deprecate@npm:~1.0.1":
  version: 1.0.2
  resolution: "util-deprecate@npm:1.0.2"
  checksum: 73c2b1cf0210ccac300645384d8443cabbd93194117b2dc1b3bae8d8279ad39aedac857e020c4ea505e96a1045059c7359db3df6a9df0be6b8584166c9d61dc9
  languageName: node
  linkType: hard

"uuid@npm:^8.3.1":
  version: 8.3.1
  resolution: "uuid@npm:8.3.1"
  bin:
    uuid: dist/bin/uuid
  checksum: 6a5d07c5564614271237d8bbc5c1c72abf056343e91af8f67a8e6d29957a1a061f347b8425a1e499af32f5a8f0039c44d200dff663b9a8090c51a7f7b5031534
  languageName: node
  linkType: hard

"vary@npm:^1.1.2":
  version: 1.1.2
  resolution: "vary@npm:1.1.2"
  checksum: 591f059f727ac1ba0d97cb7767f8583a03fcbb07db7be2b7dce838ede520ec0e958a41cb19077054769077fdc49a9b9a2dc391c83426bfee89c054b8cc7404bf
  languageName: node
  linkType: hard

"wrappy@npm:1":
  version: 1.0.2
  resolution: "wrappy@npm:1.0.2"
  checksum: 519fcda0fcdf0c16327be2de9d98646742307bc830277e8868529fcf7566f2b330a6453c233e0cdcb767d5838dd61a90984a02ecc983bcddebea5ad0833bbf98
  languageName: node
  linkType: hard

"xml2js@npm:^0.4.17":
  version: 0.4.23
  resolution: "xml2js@npm:0.4.23"
  dependencies:
    sax: ">=0.6.0"
    xmlbuilder: ~11.0.0
  checksum: 5e6e53955714a9d094c9f39ac7509706d136a3dae76684059019ca949e131775f69715715879df86b1a49519ffea3805ff2e930596e229c5f6228ce027e8a80e
  languageName: node
  linkType: hard

"xmlbuilder@npm:~11.0.0":
  version: 11.0.1
  resolution: "xmlbuilder@npm:11.0.1"
  checksum: 8f479b28b5897d903dc514c45c54c869b2f798c0eb44b11e35f7d6e3e631fb9d7aaaec6b9db6b92b715b4ded00d9d8ed8c08e9fd7e2a5f220b14b7b54403fa10
  languageName: node
  linkType: hard
